
Microsoft Visual Studio Solution File, Format Version 12.00
# Visual Studio Version 16
VisualStudioVersion = 16.0.31729.503
MinimumVisualStudioVersion = 10.0.40219.1
Project("{FAE04EC0-301F-11D3-BF4B-00C04F79EFBC}") = "TaskManager", "TaskManager\TaskManager.csproj", "{79046CAD-2B40-47AD-BA4D-3212713DDB9D}"
EndProject
Global
	GlobalSection(SolutionConfigurationPlatforms) = preSolution
		Debug|Any CPU = Debug|Any CPU
		Release|Any CPU = Release|Any CPU
	EndGlobalSection
	GlobalSection(ProjectConfigurationPlatforms) = postSolution
		{79046CAD-2B40-47AD-BA4D-3212713DDB9D}.Debug|Any CPU.ActiveCfg = Debug|Any CPU
		{79046CAD-2B40-47AD-BA4D-3212713DDB9D}.Debug|Any CPU.Build.0 = Debug|Any CPU
		{79046CAD-2B40-47AD-BA4D-3212713DDB9D}.Release|Any CPU.ActiveCfg = Release|Any CPU
		{79046CAD-2B40-47AD-BA4D-3212713DDB9D}.Release|Any CPU.Build.0 = Release|Any CPU
	EndGlobalSection
	GlobalSection(SolutionProperties) = preSolution
		HideSolutionNode = FALSE
	EndGlobalSection
	GlobalSection(ExtensibilityGlobals) = postSolution
		SolutionGuid = {4EE79419-7343-4F0D-A0BE-3B2580F367BC}
	EndGlobalSection
EndGlobal
